
Microsoft Visual Studio Solution File, Format Version 12.00
# Visual Studio Version 16
VisualStudioVersion = 16.0.31729.503
MinimumVisualStudioVersion = 10.0.40219.1
Project("{FAE04EC0-301F-11D3-BF4B-00C04F79EFBC}") = "manav", "manav\manav.csproj", "{6E2DDDAE-6695-46BE-BC82-D2484B1FEE14}"
EndProject
Global
	GlobalSection(SolutionConfigurationPlatforms) = preSolution
		Debug|Any CPU = Debug|Any CPU
		Release|Any CPU = Release|Any CPU
	EndGlobalSection
	GlobalSection(ProjectConfigurationPlatforms) = postSolution
		{6E2DDDAE-6695-46BE-BC82-D2484B1FEE14}.Debug|Any CPU.ActiveCfg = Debug|Any CPU
		{6E2DDDAE-6695-46BE-BC82-D2484B1FEE14}.Debug|Any CPU.Build.0 = Debug|Any CPU
		{6E2DDDAE-6695-46BE-BC82-D2484B1FEE14}.Release|Any CPU.ActiveCfg = Release|Any CPU
		{6E2DDDAE-6695-46BE-BC82-D2484B1FEE14}.Release|Any CPU.Build.0 = Release|Any CPU
	EndGlobalSection
	GlobalSection(SolutionProperties) = preSolution
		HideSolutionNode = FALSE
	EndGlobalSection
	GlobalSection(ExtensibilityGlobals) = postSolution
		SolutionGuid = {BD53C787-5399-46EE-8DAC-0148DDCF5B84}
	EndGlobalSection
EndGlobal
